
Microsoft Visual Studio Solution File, Format Version 11.00
# Visual Studio 2010
Project("{FAE04EC0-301F-11D3-BF4B-00C04F79EFBC}") = "PositionCommon", "PositionCommon\PositionCommon.csproj", "{1E1C7FCC-4C11-4BA9-844D-741A90CF5B50}"
EndProject
Project("{FAE04EC0-301F-11D3-BF4B-00C04F79EFBC}") = "TestCommon", "TestCommon\TestCommon.csproj", "{6E9B496B-B4FD-4C7A-87FF-02BF4D987E41}"
EndProject
Project("{FAE04EC0-301F-11D3-BF4B-00C04F79EFBC}") = "GpsClient", "GpsClient\GpsClient.csproj", "{191FDE97-8DCE-4064-A43F-0B2C7FDFD1E1}"
EndProject
Project("{FAE04EC0-301F-11D3-BF4B-00C04F79EFBC}") = "SharperGps_Demo_WinForms", "SharperGps_Demo_WinForms\SharperGps_Demo_WinForms.csproj", "{58046503-369B-49B3-B9B3-D50144F7A368}"
EndProject
Project("{FAE04EC0-301F-11D3-BF4B-00C04F79EFBC}") = "SharperGpsAdapterClient", "SharperGpsAdapterClient\SharperGpsAdapterClient.csproj", "{35E38787-3E93-45DA-9FB5-749E764063D7}"
EndProject
Project("{2150E333-8FDC-42A3-9474-1A3956D46DE8}") = "Solution Items", "Solution Items", "{A853054A-4919-4714-BA9F-125B5304F29D}"
EndProject
Project("{FAE04EC0-301F-11D3-BF4B-00C04F79EFBC}") = "SharperGps", "SharperGPS\SharperGps.csproj", "{F9DC1440-788D-4BBB-9AC5-02EB7EFA019B}"
EndProject
Project("{FAE04EC0-301F-11D3-BF4B-00C04F79EFBC}") = "AudioClient", "AudioClient\AudioClient.csproj", "{F329A444-9D45-4C6A-A343-66401D970CF5}"
EndProject
Project("{FAE04EC0-301F-11D3-BF4B-00C04F79EFBC}") = "WiFiClient", "WiFiClient\WiFiClient.csproj", "{8B08C807-5825-4672-9EE0-A314B658C4BC}"
EndProject
Project("{FAE04EC0-301F-11D3-BF4B-00C04F79EFBC}") = "WiFiClientDemo", "WiFiClientDemo\WiFiClientDemo.csproj", "{1F7CCF2A-ED36-496A-A5E3-3681999D9A51}"
EndProject
Project("{FAE04EC0-301F-11D3-BF4B-00C04F79EFBC}") = "ManagedWifi", "managedwifi-1.1\ManagedWifi.csproj", "{6AA425C9-EA6A-4B01-AAED-5FF122E8B663}"
EndProject
Project("{FAE04EC0-301F-11D3-BF4B-00C04F79EFBC}") = "ReflectUI", "ReflectUI\ReflectUI.csproj", "{B743100D-1331-4FCD-AB15-63E69C3E831A}"
EndProject
Project("{FAE04EC0-301F-11D3-BF4B-00C04F79EFBC}") = "VideoSnapDemo", "VideoSnapDemo\VideoSnapDemo.csproj", "{5DD5B919-A3D7-4F59-9CEC-CD9273F7A6EC}"
EndProject
Project("{FAE04EC0-301F-11D3-BF4B-00C04F79EFBC}") = "AudioTestClient", "TestClient_WinForms\AudioTestClient.csproj", "{270F2B19-7BAF-48E7-90A8-880893C9111D}"
EndProject
Project("{FAE04EC0-301F-11D3-BF4B-00C04F79EFBC}") = "AnalysisClient", "AnalysisClient\AnalysisClient.csproj", "{864E18DF-8CA3-419B-ACDE-A4C8EA3CDE2E}"
EndProject
Project("{FAE04EC0-301F-11D3-BF4B-00C04F79EFBC}") = "WirelessCommon", "WirelessCommon\WirelessCommon.csproj", "{45CF05DD-FACE-4FB0-BC30-084503BEA4A6}"
EndProject
Project("{FAE04EC0-301F-11D3-BF4B-00C04F79EFBC}") = "ClientServerAPI", "ClientServerAPI\ClientServerAPI.csproj", "{9746B842-3EC5-49AB-8348-7AC94A61A092}"
EndProject
Project("{FAE04EC0-301F-11D3-BF4B-00C04F79EFBC}") = "Video", "Video\Video.csproj", "{68ABBDEE-30F0-4163-B482-612876A6E1C5}"
EndProject
Project("{FAE04EC0-301F-11D3-BF4B-00C04F79EFBC}") = "ReflectUIClient", "ReflectUIClient\ReflectUIClient.csproj", "{C498FBE2-8B02-418C-B5CC-69E8770A3510}"
EndProject
Project("{FAE04EC0-301F-11D3-BF4B-00C04F79EFBC}") = "AresClient", "AresClient\AresClient.csproj", "{DBD97336-107B-42A9-8F01-6E302CA00FF0}"
	ProjectSection(ProjectDependencies) = postProject
		{F9DC1440-788D-4BBB-9AC5-02EB7EFA019B} = {F9DC1440-788D-4BBB-9AC5-02EB7EFA019B}
		{6AA425C9-EA6A-4B01-AAED-5FF122E8B663} = {6AA425C9-EA6A-4B01-AAED-5FF122E8B663}
	EndProjectSection
EndProject
Project("{FAE04EC0-301F-11D3-BF4B-00C04F79EFBC}") = "AnalysisTestClient", "AnalysisTestClient\AnalysisTestClient.csproj", "{57C288FA-198A-41C8-8E82-377CD1898AC0}"
EndProject
Project("{FAE04EC0-301F-11D3-BF4B-00C04F79EFBC}") = "Webcam", "Webcam\Webcam.csproj", "{09034F67-92A1-4009-985B-1BD05531E8D7}"
EndProject
Project("{FAE04EC0-301F-11D3-BF4B-00C04F79EFBC}") = "WebcamCaptureViewer", "WebcamCaptureViewer\WebcamCaptureViewer.csproj", "{4D144A12-FD1C-44AF-87B3-8114DBCBCA41}"
EndProject
Project("{FAE04EC0-301F-11D3-BF4B-00C04F79EFBC}") = "AresServer", "AresServer\AresServer.csproj", "{3331385A-8601-4944-B285-4F44EFB2FFAB}"
EndProject
Project("{FAE04EC0-301F-11D3-BF4B-00C04F79EFBC}") = "AresCommon", "AresCommon\AresCommon.csproj", "{25D20997-9C14-4AAB-80AC-2E91A5787647}"
EndProject
Project("{FAE04EC0-301F-11D3-BF4B-00C04F79EFBC}") = "AForgeExtension", "AforgeExtension\AForgeExtension.csproj", "{FC62E0D5-F79C-4C2F-9E50-0639971B3E7C}"
EndProject
Project("{FAE04EC0-301F-11D3-BF4B-00C04F79EFBC}") = "AresServerFrontEnd", "AresServerFrontEnd\AresServerFrontEnd.csproj", "{E5514698-1911-4BF9-A95E-6297E24E81E6}"
EndProject
Project("{FAE04EC0-301F-11D3-BF4B-00C04F79EFBC}") = "DisplayClient", "DisplayClient\DisplayClient.csproj", "{01210923-D40B-45BB-9A30-87D93EF57163}"
EndProject
Global
	GlobalSection(SolutionConfigurationPlatforms) = preSolution
		Debug|Any CPU = Debug|Any CPU
		Debug|x64 = Debug|x64
		Debug|x86 = Debug|x86
		Release|Any CPU = Release|Any CPU
		Release|x64 = Release|x64
		Release|x86 = Release|x86
	EndGlobalSection
	GlobalSection(ProjectConfigurationPlatforms) = postSolution
		{1E1C7FCC-4C11-4BA9-844D-741A90CF5B50}.Debug|Any CPU.ActiveCfg = Debug|Any CPU
		{1E1C7FCC-4C11-4BA9-844D-741A90CF5B50}.Debug|Any CPU.Build.0 = Debug|Any CPU
		{1E1C7FCC-4C11-4BA9-844D-741A90CF5B50}.Debug|x64.ActiveCfg = Debug|x64
		{1E1C7FCC-4C11-4BA9-844D-741A90CF5B50}.Debug|x64.Build.0 = Debug|x64
		{1E1C7FCC-4C11-4BA9-844D-741A90CF5B50}.Debug|x86.ActiveCfg = Debug|x86
		{1E1C7FCC-4C11-4BA9-844D-741A90CF5B50}.Debug|x86.Build.0 = Debug|x86
		{1E1C7FCC-4C11-4BA9-844D-741A90CF5B50}.Release|Any CPU.ActiveCfg = Release|Any CPU
		{1E1C7FCC-4C11-4BA9-844D-741A90CF5B50}.Release|Any CPU.Build.0 = Release|Any CPU
		{1E1C7FCC-4C11-4BA9-844D-741A90CF5B50}.Release|x64.ActiveCfg = Release|x64
		{1E1C7FCC-4C11-4BA9-844D-741A90CF5B50}.Release|x64.Build.0 = Release|x64
		{1E1C7FCC-4C11-4BA9-844D-741A90CF5B50}.Release|x86.ActiveCfg = Release|x86
		{1E1C7FCC-4C11-4BA9-844D-741A90CF5B50}.Release|x86.Build.0 = Release|x86
		{6E9B496B-B4FD-4C7A-87FF-02BF4D987E41}.Debug|Any CPU.ActiveCfg = Debug|Any CPU
		{6E9B496B-B4FD-4C7A-87FF-02BF4D987E41}.Debug|Any CPU.Build.0 = Debug|Any CPU
		{6E9B496B-B4FD-4C7A-87FF-02BF4D987E41}.Debug|x64.ActiveCfg = Debug|x64
		{6E9B496B-B4FD-4C7A-87FF-02BF4D987E41}.Debug|x64.Build.0 = Debug|x64
		{6E9B496B-B4FD-4C7A-87FF-02BF4D987E41}.Debug|x86.ActiveCfg = Debug|x86
		{6E9B496B-B4FD-4C7A-87FF-02BF4D987E41}.Debug|x86.Build.0 = Debug|x86
		{6E9B496B-B4FD-4C7A-87FF-02BF4D987E41}.Release|Any CPU.ActiveCfg = Release|Any CPU
		{6E9B496B-B4FD-4C7A-87FF-02BF4D987E41}.Release|Any CPU.Build.0 = Release|Any CPU
		{6E9B496B-B4FD-4C7A-87FF-02BF4D987E41}.Release|x64.ActiveCfg = Release|x64
		{6E9B496B-B4FD-4C7A-87FF-02BF4D987E41}.Release|x64.Build.0 = Release|x64
		{6E9B496B-B4FD-4C7A-87FF-02BF4D987E41}.Release|x86.ActiveCfg = Release|x86
		{6E9B496B-B4FD-4C7A-87FF-02BF4D987E41}.Release|x86.Build.0 = Release|x86
		{191FDE97-8DCE-4064-A43F-0B2C7FDFD1E1}.Debug|Any CPU.ActiveCfg = Debug|Any CPU
		{191FDE97-8DCE-4064-A43F-0B2C7FDFD1E1}.Debug|Any CPU.Build.0 = Debug|Any CPU
		{191FDE97-8DCE-4064-A43F-0B2C7FDFD1E1}.Debug|x64.ActiveCfg = Debug|x64
		{191FDE97-8DCE-4064-A43F-0B2C7FDFD1E1}.Debug|x64.Build.0 = Debug|x64
		{191FDE97-8DCE-4064-A43F-0B2C7FDFD1E1}.Debug|x86.ActiveCfg = Debug|x86
		{191FDE97-8DCE-4064-A43F-0B2C7FDFD1E1}.Debug|x86.Build.0 = Debug|x86
		{191FDE97-8DCE-4064-A43F-0B2C7FDFD1E1}.Release|Any CPU.ActiveCfg = Release|Any CPU
		{191FDE97-8DCE-4064-A43F-0B2C7FDFD1E1}.Release|Any CPU.Build.0 = Release|Any CPU
		{191FDE97-8DCE-4064-A43F-0B2C7FDFD1E1}.Release|x64.ActiveCfg = Release|x64
		{191FDE97-8DCE-4064-A43F-0B2C7FDFD1E1}.Release|x64.Build.0 = Release|x64
		{191FDE97-8DCE-4064-A43F-0B2C7FDFD1E1}.Release|x86.ActiveCfg = Release|x86
		{191FDE97-8DCE-4064-A43F-0B2C7FDFD1E1}.Release|x86.Build.0 = Release|x86
		{58046503-369B-49B3-B9B3-D50144F7A368}.Debug|Any CPU.ActiveCfg = Debug|Any CPU
		{58046503-369B-49B3-B9B3-D50144F7A368}.Debug|x64.ActiveCfg = Debug|x64
		{58046503-369B-49B3-B9B3-D50144F7A368}.Debug|x86.ActiveCfg = Debug|x86
		{58046503-369B-49B3-B9B3-D50144F7A368}.Release|Any CPU.ActiveCfg = Release|Any CPU
		{58046503-369B-49B3-B9B3-D50144F7A368}.Release|x64.ActiveCfg = Release|x64
		{58046503-369B-49B3-B9B3-D50144F7A368}.Release|x86.ActiveCfg = Release|x86
		{35E38787-3E93-45DA-9FB5-749E764063D7}.Debug|Any CPU.ActiveCfg = Debug|Any CPU
		{35E38787-3E93-45DA-9FB5-749E764063D7}.Debug|Any CPU.Build.0 = Debug|Any CPU
		{35E38787-3E93-45DA-9FB5-749E764063D7}.Debug|x64.ActiveCfg = Debug|x64
		{35E38787-3E93-45DA-9FB5-749E764063D7}.Debug|x64.Build.0 = Debug|x64
		{35E38787-3E93-45DA-9FB5-749E764063D7}.Debug|x86.ActiveCfg = Debug|x86
		{35E38787-3E93-45DA-9FB5-749E764063D7}.Debug|x86.Build.0 = Debug|x86
		{35E38787-3E93-45DA-9FB5-749E764063D7}.Release|Any CPU.ActiveCfg = Release|Any CPU
		{35E38787-3E93-45DA-9FB5-749E764063D7}.Release|Any CPU.Build.0 = Release|Any CPU
		{35E38787-3E93-45DA-9FB5-749E764063D7}.Release|x64.ActiveCfg = Release|x64
		{35E38787-3E93-45DA-9FB5-749E764063D7}.Release|x64.Build.0 = Release|x64
		{35E38787-3E93-45DA-9FB5-749E764063D7}.Release|x86.ActiveCfg = Release|x86
		{35E38787-3E93-45DA-9FB5-749E764063D7}.Release|x86.Build.0 = Release|x86
		{F9DC1440-788D-4BBB-9AC5-02EB7EFA019B}.Debug|Any CPU.ActiveCfg = Debug|Any CPU
		{F9DC1440-788D-4BBB-9AC5-02EB7EFA019B}.Debug|Any CPU.Build.0 = Debug|Any CPU
		{F9DC1440-788D-4BBB-9AC5-02EB7EFA019B}.Debug|x64.ActiveCfg = Debug|x64
		{F9DC1440-788D-4BBB-9AC5-02EB7EFA019B}.Debug|x64.Build.0 = Debug|x64
		{F9DC1440-788D-4BBB-9AC5-02EB7EFA019B}.Debug|x86.ActiveCfg = Debug|x86
		{F9DC1440-788D-4BBB-9AC5-02EB7EFA019B}.Debug|x86.Build.0 = Debug|x86
		{F9DC1440-788D-4BBB-9AC5-02EB7EFA019B}.Release|Any CPU.ActiveCfg = Release|Any CPU
		{F9DC1440-788D-4BBB-9AC5-02EB7EFA019B}.Release|Any CPU.Build.0 = Release|Any CPU
		{F9DC1440-788D-4BBB-9AC5-02EB7EFA019B}.Release|x64.ActiveCfg = Release|x64
		{F9DC1440-788D-4BBB-9AC5-02EB7EFA019B}.Release|x64.Build.0 = Release|x64
		{F9DC1440-788D-4BBB-9AC5-02EB7EFA019B}.Release|x86.ActiveCfg = Release|x86
		{F9DC1440-788D-4BBB-9AC5-02EB7EFA019B}.Release|x86.Build.0 = Release|x86
		{F329A444-9D45-4C6A-A343-66401D970CF5}.Debug|Any CPU.ActiveCfg = Debug|Any CPU
		{F329A444-9D45-4C6A-A343-66401D970CF5}.Debug|Any CPU.Build.0 = Debug|Any CPU
		{F329A444-9D45-4C6A-A343-66401D970CF5}.Debug|x64.ActiveCfg = Debug|x64
		{F329A444-9D45-4C6A-A343-66401D970CF5}.Debug|x64.Build.0 = Debug|x64
		{F329A444-9D45-4C6A-A343-66401D970CF5}.Debug|x86.ActiveCfg = Debug|x86
		{F329A444-9D45-4C6A-A343-66401D970CF5}.Debug|x86.Build.0 = Debug|x86
		{F329A444-9D45-4C6A-A343-66401D970CF5}.Release|Any CPU.ActiveCfg = Release|Any CPU
		{F329A444-9D45-4C6A-A343-66401D970CF5}.Release|Any CPU.Build.0 = Release|Any CPU
		{F329A444-9D45-4C6A-A343-66401D970CF5}.Release|x64.ActiveCfg = Release|x64
		{F329A444-9D45-4C6A-A343-66401D970CF5}.Release|x64.Build.0 = Release|x64
		{F329A444-9D45-4C6A-A343-66401D970CF5}.Release|x86.ActiveCfg = Release|x86
		{F329A444-9D45-4C6A-A343-66401D970CF5}.Release|x86.Build.0 = Release|x86
		{8B08C807-5825-4672-9EE0-A314B658C4BC}.Debug|Any CPU.ActiveCfg = Debug|Any CPU
		{8B08C807-5825-4672-9EE0-A314B658C4BC}.Debug|Any CPU.Build.0 = Debug|Any CPU
		{8B08C807-5825-4672-9EE0-A314B658C4BC}.Debug|x64.ActiveCfg = Debug|x64
		{8B08C807-5825-4672-9EE0-A314B658C4BC}.Debug|x64.Build.0 = Debug|x64
		{8B08C807-5825-4672-9EE0-A314B658C4BC}.Debug|x86.ActiveCfg = Debug|x86
		{8B08C807-5825-4672-9EE0-A314B658C4BC}.Debug|x86.Build.0 = Debug|x86
		{8B08C807-5825-4672-9EE0-A314B658C4BC}.Release|Any CPU.ActiveCfg = Release|Any CPU
		{8B08C807-5825-4672-9EE0-A314B658C4BC}.Release|Any CPU.Build.0 = Release|Any CPU
		{8B08C807-5825-4672-9EE0-A314B658C4BC}.Release|x64.ActiveCfg = Release|x64
		{8B08C807-5825-4672-9EE0-A314B658C4BC}.Release|x64.Build.0 = Release|x64
		{8B08C807-5825-4672-9EE0-A314B658C4BC}.Release|x86.ActiveCfg = Release|x86
		{8B08C807-5825-4672-9EE0-A314B658C4BC}.Release|x86.Build.0 = Release|x86
		{1F7CCF2A-ED36-496A-A5E3-3681999D9A51}.Debug|Any CPU.ActiveCfg = Debug|Any CPU
		{1F7CCF2A-ED36-496A-A5E3-3681999D9A51}.Debug|Any CPU.Build.0 = Debug|Any CPU
		{1F7CCF2A-ED36-496A-A5E3-3681999D9A51}.Debug|x64.ActiveCfg = Debug|x64
		{1F7CCF2A-ED36-496A-A5E3-3681999D9A51}.Debug|x64.Build.0 = Debug|x64
		{1F7CCF2A-ED36-496A-A5E3-3681999D9A51}.Debug|x86.ActiveCfg = Debug|x86
		{1F7CCF2A-ED36-496A-A5E3-3681999D9A51}.Debug|x86.Build.0 = Debug|x86
		{1F7CCF2A-ED36-496A-A5E3-3681999D9A51}.Release|Any CPU.ActiveCfg = Release|Any CPU
		{1F7CCF2A-ED36-496A-A5E3-3681999D9A51}.Release|Any CPU.Build.0 = Release|Any CPU
		{1F7CCF2A-ED36-496A-A5E3-3681999D9A51}.Release|x64.ActiveCfg = Release|x64
		{1F7CCF2A-ED36-496A-A5E3-3681999D9A51}.Release|x64.Build.0 = Release|x64
		{1F7CCF2A-ED36-496A-A5E3-3681999D9A51}.Release|x86.ActiveCfg = Release|x86
		{1F7CCF2A-ED36-496A-A5E3-3681999D9A51}.Release|x86.Build.0 = Release|x86
		{6AA425C9-EA6A-4B01-AAED-5FF122E8B663}.Debug|Any CPU.ActiveCfg = Debug|Any CPU
		{6AA425C9-EA6A-4B01-AAED-5FF122E8B663}.Debug|Any CPU.Build.0 = Debug|Any CPU
		{6AA425C9-EA6A-4B01-AAED-5FF122E8B663}.Debug|x64.ActiveCfg = Debug|x64
		{6AA425C9-EA6A-4B01-AAED-5FF122E8B663}.Debug|x64.Build.0 = Debug|x64
		{6AA425C9-EA6A-4B01-AAED-5FF122E8B663}.Debug|x86.ActiveCfg = Debug|x86
		{6AA425C9-EA6A-4B01-AAED-5FF122E8B663}.Debug|x86.Build.0 = Debug|x86
		{6AA425C9-EA6A-4B01-AAED-5FF122E8B663}.Release|Any CPU.ActiveCfg = Release|Any CPU
		{6AA425C9-EA6A-4B01-AAED-5FF122E8B663}.Release|Any CPU.Build.0 = Release|Any CPU
		{6AA425C9-EA6A-4B01-AAED-5FF122E8B663}.Release|x64.ActiveCfg = Release|x64
		{6AA425C9-EA6A-4B01-AAED-5FF122E8B663}.Release|x64.Build.0 = Release|x64
		{6AA425C9-EA6A-4B01-AAED-5FF122E8B663}.Release|x86.ActiveCfg = Release|x86
		{6AA425C9-EA6A-4B01-AAED-5FF122E8B663}.Release|x86.Build.0 = Release|x86
		{B743100D-1331-4FCD-AB15-63E69C3E831A}.Debug|Any CPU.ActiveCfg = Debug|Any CPU
		{B743100D-1331-4FCD-AB15-63E69C3E831A}.Debug|Any CPU.Build.0 = Debug|Any CPU
		{B743100D-1331-4FCD-AB15-63E69C3E831A}.Debug|x64.ActiveCfg = Debug|x64
		{B743100D-1331-4FCD-AB15-63E69C3E831A}.Debug|x64.Build.0 = Debug|x64
		{B743100D-1331-4FCD-AB15-63E69C3E831A}.Debug|x86.ActiveCfg = Debug|x86
		{B743100D-1331-4FCD-AB15-63E69C3E831A}.Debug|x86.Build.0 = Debug|x86
		{B743100D-1331-4FCD-AB15-63E69C3E831A}.Release|Any CPU.ActiveCfg = Release|Any CPU
		{B743100D-1331-4FCD-AB15-63E69C3E831A}.Release|Any CPU.Build.0 = Release|Any CPU
		{B743100D-1331-4FCD-AB15-63E69C3E831A}.Release|x64.ActiveCfg = Release|x64
		{B743100D-1331-4FCD-AB15-63E69C3E831A}.Release|x64.Build.0 = Release|x64
		{B743100D-1331-4FCD-AB15-63E69C3E831A}.Release|x86.ActiveCfg = Release|x86
		{B743100D-1331-4FCD-AB15-63E69C3E831A}.Release|x86.Build.0 = Release|x86
		{5DD5B919-A3D7-4F59-9CEC-CD9273F7A6EC}.Debug|Any CPU.ActiveCfg = Debug|Any CPU
		{5DD5B919-A3D7-4F59-9CEC-CD9273F7A6EC}.Debug|Any CPU.Build.0 = Debug|Any CPU
		{5DD5B919-A3D7-4F59-9CEC-CD9273F7A6EC}.Debug|x64.ActiveCfg = Debug|x64
		{5DD5B919-A3D7-4F59-9CEC-CD9273F7A6EC}.Debug|x64.Build.0 = Debug|x64
		{5DD5B919-A3D7-4F59-9CEC-CD9273F7A6EC}.Debug|x86.ActiveCfg = Debug|x86
		{5DD5B919-A3D7-4F59-9CEC-CD9273F7A6EC}.Debug|x86.Build.0 = Debug|x86
		{5DD5B919-A3D7-4F59-9CEC-CD9273F7A6EC}.Release|Any CPU.ActiveCfg = Release|Any CPU
		{5DD5B919-A3D7-4F59-9CEC-CD9273F7A6EC}.Release|Any CPU.Build.0 = Release|Any CPU
		{5DD5B919-A3D7-4F59-9CEC-CD9273F7A6EC}.Release|x64.ActiveCfg = Release|x64
		{5DD5B919-A3D7-4F59-9CEC-CD9273F7A6EC}.Release|x64.Build.0 = Release|x64
		{5DD5B919-A3D7-4F59-9CEC-CD9273F7A6EC}.Release|x86.ActiveCfg = Release|x86
		{5DD5B919-A3D7-4F59-9CEC-CD9273F7A6EC}.Release|x86.Build.0 = Release|x86
		{270F2B19-7BAF-48E7-90A8-880893C9111D}.Debug|Any CPU.ActiveCfg = Debug|Any CPU
		{270F2B19-7BAF-48E7-90A8-880893C9111D}.Debug|Any CPU.Build.0 = Debug|Any CPU
		{270F2B19-7BAF-48E7-90A8-880893C9111D}.Debug|x64.ActiveCfg = Debug|x64
		{270F2B19-7BAF-48E7-90A8-880893C9111D}.Debug|x64.Build.0 = Debug|x64
		{270F2B19-7BAF-48E7-90A8-880893C9111D}.Debug|x86.ActiveCfg = Debug|x86
		{270F2B19-7BAF-48E7-90A8-880893C9111D}.Debug|x86.Build.0 = Debug|x86
		{270F2B19-7BAF-48E7-90A8-880893C9111D}.Release|Any CPU.ActiveCfg = Release|Any CPU
		{270F2B19-7BAF-48E7-90A8-880893C9111D}.Release|Any CPU.Build.0 = Release|Any CPU
		{270F2B19-7BAF-48E7-90A8-880893C9111D}.Release|x64.ActiveCfg = Release|x64
		{270F2B19-7BAF-48E7-90A8-880893C9111D}.Release|x64.Build.0 = Release|x64
		{270F2B19-7BAF-48E7-90A8-880893C9111D}.Release|x86.ActiveCfg = Release|x86
		{270F2B19-7BAF-48E7-90A8-880893C9111D}.Release|x86.Build.0 = Release|x86
		{864E18DF-8CA3-419B-ACDE-A4C8EA3CDE2E}.Debug|Any CPU.ActiveCfg = Debug|Any CPU
		{864E18DF-8CA3-419B-ACDE-A4C8EA3CDE2E}.Debug|Any CPU.Build.0 = Debug|Any CPU
		{864E18DF-8CA3-419B-ACDE-A4C8EA3CDE2E}.Debug|x64.ActiveCfg = Debug|x64
		{864E18DF-8CA3-419B-ACDE-A4C8EA3CDE2E}.Debug|x64.Build.0 = Debug|x64
		{864E18DF-8CA3-419B-ACDE-A4C8EA3CDE2E}.Debug|x86.ActiveCfg = Debug|x86
		{864E18DF-8CA3-419B-ACDE-A4C8EA3CDE2E}.Debug|x86.Build.0 = Debug|x86
		{864E18DF-8CA3-419B-ACDE-A4C8EA3CDE2E}.Release|Any CPU.ActiveCfg = Release|Any CPU
		{864E18DF-8CA3-419B-ACDE-A4C8EA3CDE2E}.Release|Any CPU.Build.0 = Release|Any CPU
		{864E18DF-8CA3-419B-ACDE-A4C8EA3CDE2E}.Release|x64.ActiveCfg = Release|x64
		{864E18DF-8CA3-419B-ACDE-A4C8EA3CDE2E}.Release|x64.Build.0 = Release|x64
		{864E18DF-8CA3-419B-ACDE-A4C8EA3CDE2E}.Release|x86.ActiveCfg = Release|x86
		{864E18DF-8CA3-419B-ACDE-A4C8EA3CDE2E}.Release|x86.Build.0 = Release|x86
		{45CF05DD-FACE-4FB0-BC30-084503BEA4A6}.Debug|Any CPU.ActiveCfg = Debug|Any CPU
		{45CF05DD-FACE-4FB0-BC30-084503BEA4A6}.Debug|Any CPU.Build.0 = Debug|Any CPU
		{45CF05DD-FACE-4FB0-BC30-084503BEA4A6}.Debug|x64.ActiveCfg = Debug|x64
		{45CF05DD-FACE-4FB0-BC30-084503BEA4A6}.Debug|x64.Build.0 = Debug|x64
		{45CF05DD-FACE-4FB0-BC30-084503BEA4A6}.Debug|x86.ActiveCfg = Debug|x86
		{45CF05DD-FACE-4FB0-BC30-084503BEA4A6}.Debug|x86.Build.0 = Debug|x86
		{45CF05DD-FACE-4FB0-BC30-084503BEA4A6}.Release|Any CPU.ActiveCfg = Release|Any CPU
		{45CF05DD-FACE-4FB0-BC30-084503BEA4A6}.Release|Any CPU.Build.0 = Release|Any CPU
		{45CF05DD-FACE-4FB0-BC30-084503BEA4A6}.Release|x64.ActiveCfg = Release|x64
		{45CF05DD-FACE-4FB0-BC30-084503BEA4A6}.Release|x64.Build.0 = Release|x64
		{45CF05DD-FACE-4FB0-BC30-084503BEA4A6}.Release|x86.ActiveCfg = Release|x86
		{45CF05DD-FACE-4FB0-BC30-084503BEA4A6}.Release|x86.Build.0 = Release|x86
		{9746B842-3EC5-49AB-8348-7AC94A61A092}.Debug|Any CPU.ActiveCfg = Debug|Any CPU
		{9746B842-3EC5-49AB-8348-7AC94A61A092}.Debug|Any CPU.Build.0 = Debug|Any CPU
		{9746B842-3EC5-49AB-8348-7AC94A61A092}.Debug|x64.ActiveCfg = Debug|x64
		{9746B842-3EC5-49AB-8348-7AC94A61A092}.Debug|x64.Build.0 = Debug|x64
		{9746B842-3EC5-49AB-8348-7AC94A61A092}.Debug|x86.ActiveCfg = Debug|x86
		{9746B842-3EC5-49AB-8348-7AC94A61A092}.Debug|x86.Build.0 = Debug|x86
		{9746B842-3EC5-49AB-8348-7AC94A61A092}.Release|Any CPU.ActiveCfg = Release|Any CPU
		{9746B842-3EC5-49AB-8348-7AC94A61A092}.Release|Any CPU.Build.0 = Release|Any CPU
		{9746B842-3EC5-49AB-8348-7AC94A61A092}.Release|x64.ActiveCfg = Release|x64
		{9746B842-3EC5-49AB-8348-7AC94A61A092}.Release|x64.Build.0 = Release|x64
		{9746B842-3EC5-49AB-8348-7AC94A61A092}.Release|x86.ActiveCfg = Release|x86
		{9746B842-3EC5-49AB-8348-7AC94A61A092}.Release|x86.Build.0 = Release|x86
		{68ABBDEE-30F0-4163-B482-612876A6E1C5}.Debug|Any CPU.ActiveCfg = Debug|Any CPU
		{68ABBDEE-30F0-4163-B482-612876A6E1C5}.Debug|Any CPU.Build.0 = Debug|Any CPU
		{68ABBDEE-30F0-4163-B482-612876A6E1C5}.Debug|x64.ActiveCfg = Debug|x64
		{68ABBDEE-30F0-4163-B482-612876A6E1C5}.Debug|x64.Build.0 = Debug|x64
		{68ABBDEE-30F0-4163-B482-612876A6E1C5}.Debug|x86.ActiveCfg = Debug|x86
		{68ABBDEE-30F0-4163-B482-612876A6E1C5}.Debug|x86.Build.0 = Debug|x86
		{68ABBDEE-30F0-4163-B482-612876A6E1C5}.Release|Any CPU.ActiveCfg = Release|Any CPU
		{68ABBDEE-30F0-4163-B482-612876A6E1C5}.Release|Any CPU.Build.0 = Release|Any CPU
		{68ABBDEE-30F0-4163-B482-612876A6E1C5}.Release|x64.ActiveCfg = Release|x64
		{68ABBDEE-30F0-4163-B482-612876A6E1C5}.Release|x64.Build.0 = Release|x64
		{68ABBDEE-30F0-4163-B482-612876A6E1C5}.Release|x86.ActiveCfg = Release|x86
		{68ABBDEE-30F0-4163-B482-612876A6E1C5}.Release|x86.Build.0 = Release|x86
		{C498FBE2-8B02-418C-B5CC-69E8770A3510}.Debug|Any CPU.ActiveCfg = Debug|Any CPU
		{C498FBE2-8B02-418C-B5CC-69E8770A3510}.Debug|Any CPU.Build.0 = Debug|Any CPU
		{C498FBE2-8B02-418C-B5CC-69E8770A3510}.Debug|x64.ActiveCfg = Debug|x64
		{C498FBE2-8B02-418C-B5CC-69E8770A3510}.Debug|x64.Build.0 = Debug|x64
		{C498FBE2-8B02-418C-B5CC-69E8770A3510}.Debug|x86.ActiveCfg = Debug|x86
		{C498FBE2-8B02-418C-B5CC-69E8770A3510}.Debug|x86.Build.0 = Debug|x86
		{C498FBE2-8B02-418C-B5CC-69E8770A3510}.Release|Any CPU.ActiveCfg = Release|Any CPU
		{C498FBE2-8B02-418C-B5CC-69E8770A3510}.Release|Any CPU.Build.0 = Release|Any CPU
		{C498FBE2-8B02-418C-B5CC-69E8770A3510}.Release|x64.ActiveCfg = Release|x64
		{C498FBE2-8B02-418C-B5CC-69E8770A3510}.Release|x64.Build.0 = Release|x64
		{C498FBE2-8B02-418C-B5CC-69E8770A3510}.Release|x86.ActiveCfg = Release|x86
		{C498FBE2-8B02-418C-B5CC-69E8770A3510}.Release|x86.Build.0 = Release|x86
		{DBD97336-107B-42A9-8F01-6E302CA00FF0}.Debug|Any CPU.ActiveCfg = Debug|Any CPU
		{DBD97336-107B-42A9-8F01-6E302CA00FF0}.Debug|Any CPU.Build.0 = Debug|Any CPU
		{DBD97336-107B-42A9-8F01-6E302CA00FF0}.Debug|x64.ActiveCfg = Debug|x64
		{DBD97336-107B-42A9-8F01-6E302CA00FF0}.Debug|x64.Build.0 = Debug|x64
		{DBD97336-107B-42A9-8F01-6E302CA00FF0}.Debug|x86.ActiveCfg = Debug|x86
		{DBD97336-107B-42A9-8F01-6E302CA00FF0}.Debug|x86.Build.0 = Debug|x86
		{DBD97336-107B-42A9-8F01-6E302CA00FF0}.Release|Any CPU.ActiveCfg = Release|Any CPU
		{DBD97336-107B-42A9-8F01-6E302CA00FF0}.Release|Any CPU.Build.0 = Release|Any CPU
		{DBD97336-107B-42A9-8F01-6E302CA00FF0}.Release|x64.ActiveCfg = Release|x64
		{DBD97336-107B-42A9-8F01-6E302CA00FF0}.Release|x64.Build.0 = Release|x64
		{DBD97336-107B-42A9-8F01-6E302CA00FF0}.Release|x86.ActiveCfg = Release|x86
		{DBD97336-107B-42A9-8F01-6E302CA00FF0}.Release|x86.Build.0 = Release|x86
		{57C288FA-198A-41C8-8E82-377CD1898AC0}.Debug|Any CPU.ActiveCfg = Debug|Any CPU
		{57C288FA-198A-41C8-8E82-377CD1898AC0}.Debug|Any CPU.Build.0 = Debug|Any CPU
		{57C288FA-198A-41C8-8E82-377CD1898AC0}.Debug|x64.ActiveCfg = Debug|x64
		{57C288FA-198A-41C8-8E82-377CD1898AC0}.Debug|x64.Build.0 = Debug|x64
		{57C288FA-198A-41C8-8E82-377CD1898AC0}.Debug|x86.ActiveCfg = Debug|x86
		{57C288FA-198A-41C8-8E82-377CD1898AC0}.Debug|x86.Build.0 = Debug|x86
		{57C288FA-198A-41C8-8E82-377CD1898AC0}.Release|Any CPU.ActiveCfg = Release|Any CPU
		{57C288FA-198A-41C8-8E82-377CD1898AC0}.Release|Any CPU.Build.0 = Release|Any CPU
		{57C288FA-198A-41C8-8E82-377CD1898AC0}.Release|x64.ActiveCfg = Release|x64
		{57C288FA-198A-41C8-8E82-377CD1898AC0}.Release|x64.Build.0 = Release|x64
		{57C288FA-198A-41C8-8E82-377CD1898AC0}.Release|x86.ActiveCfg = Release|x86
		{57C288FA-198A-41C8-8E82-377CD1898AC0}.Release|x86.Build.0 = Release|x86
		{09034F67-92A1-4009-985B-1BD05531E8D7}.Debug|Any CPU.ActiveCfg = Debug|Any CPU
		{09034F67-92A1-4009-985B-1BD05531E8D7}.Debug|Any CPU.Build.0 = Debug|Any CPU
		{09034F67-92A1-4009-985B-1BD05531E8D7}.Debug|x64.ActiveCfg = Debug|x64
		{09034F67-92A1-4009-985B-1BD05531E8D7}.Debug|x64.Build.0 = Debug|x64
		{09034F67-92A1-4009-985B-1BD05531E8D7}.Debug|x86.ActiveCfg = Debug|x86
		{09034F67-92A1-4009-985B-1BD05531E8D7}.Debug|x86.Build.0 = Debug|x86
		{09034F67-92A1-4009-985B-1BD05531E8D7}.Release|Any CPU.ActiveCfg = Release|Any CPU
		{09034F67-92A1-4009-985B-1BD05531E8D7}.Release|Any CPU.Build.0 = Release|Any CPU
		{09034F67-92A1-4009-985B-1BD05531E8D7}.Release|x64.ActiveCfg = Release|x64
		{09034F67-92A1-4009-985B-1BD05531E8D7}.Release|x64.Build.0 = Release|x64
		{09034F67-92A1-4009-985B-1BD05531E8D7}.Release|x86.ActiveCfg = Release|x86
		{09034F67-92A1-4009-985B-1BD05531E8D7}.Release|x86.Build.0 = Release|x86
		{4D144A12-FD1C-44AF-87B3-8114DBCBCA41}.Debug|Any CPU.ActiveCfg = Debug|Any CPU
		{4D144A12-FD1C-44AF-87B3-8114DBCBCA41}.Debug|Any CPU.Build.0 = Debug|Any CPU
		{4D144A12-FD1C-44AF-87B3-8114DBCBCA41}.Debug|x64.ActiveCfg = Debug|x64
		{4D144A12-FD1C-44AF-87B3-8114DBCBCA41}.Debug|x64.Build.0 = Debug|x64
		{4D144A12-FD1C-44AF-87B3-8114DBCBCA41}.Debug|x86.ActiveCfg = Debug|x86
		{4D144A12-FD1C-44AF-87B3-8114DBCBCA41}.Debug|x86.Build.0 = Debug|x86
		{4D144A12-FD1C-44AF-87B3-8114DBCBCA41}.Release|Any CPU.ActiveCfg = Release|Any CPU
		{4D144A12-FD1C-44AF-87B3-8114DBCBCA41}.Release|Any CPU.Build.0 = Release|Any CPU
		{4D144A12-FD1C-44AF-87B3-8114DBCBCA41}.Release|x64.ActiveCfg = Release|x64
		{4D144A12-FD1C-44AF-87B3-8114DBCBCA41}.Release|x64.Build.0 = Release|x64
		{4D144A12-FD1C-44AF-87B3-8114DBCBCA41}.Release|x86.ActiveCfg = Release|x86
		{4D144A12-FD1C-44AF-87B3-8114DBCBCA41}.Release|x86.Build.0 = Release|x86
		{3331385A-8601-4944-B285-4F44EFB2FFAB}.Debug|Any CPU.ActiveCfg = Debug|Any CPU
		{3331385A-8601-4944-B285-4F44EFB2FFAB}.Debug|Any CPU.Build.0 = Debug|Any CPU
		{3331385A-8601-4944-B285-4F44EFB2FFAB}.Debug|x64.ActiveCfg = Debug|x64
		{3331385A-8601-4944-B285-4F44EFB2FFAB}.Debug|x64.Build.0 = Debug|x64
		{3331385A-8601-4944-B285-4F44EFB2FFAB}.Debug|x86.ActiveCfg = Debug|x86
		{3331385A-8601-4944-B285-4F44EFB2FFAB}.Debug|x86.Build.0 = Debug|x86
		{3331385A-8601-4944-B285-4F44EFB2FFAB}.Release|Any CPU.ActiveCfg = Release|Any CPU
		{3331385A-8601-4944-B285-4F44EFB2FFAB}.Release|Any CPU.Build.0 = Release|Any CPU
		{3331385A-8601-4944-B285-4F44EFB2FFAB}.Release|x64.ActiveCfg = Release|x64
		{3331385A-8601-4944-B285-4F44EFB2FFAB}.Release|x64.Build.0 = Release|x64
		{3331385A-8601-4944-B285-4F44EFB2FFAB}.Release|x86.ActiveCfg = Release|x86
		{3331385A-8601-4944-B285-4F44EFB2FFAB}.Release|x86.Build.0 = Release|x86
		{25D20997-9C14-4AAB-80AC-2E91A5787647}.Debug|Any CPU.ActiveCfg = Debug|Any CPU
		{25D20997-9C14-4AAB-80AC-2E91A5787647}.Debug|Any CPU.Build.0 = Debug|Any CPU
		{25D20997-9C14-4AAB-80AC-2E91A5787647}.Debug|x64.ActiveCfg = Debug|x64
		{25D20997-9C14-4AAB-80AC-2E91A5787647}.Debug|x64.Build.0 = Debug|x64
		{25D20997-9C14-4AAB-80AC-2E91A5787647}.Debug|x86.ActiveCfg = Debug|x86
		{25D20997-9C14-4AAB-80AC-2E91A5787647}.Debug|x86.Build.0 = Debug|x86
		{25D20997-9C14-4AAB-80AC-2E91A5787647}.Release|Any CPU.ActiveCfg = Release|Any CPU
		{25D20997-9C14-4AAB-80AC-2E91A5787647}.Release|Any CPU.Build.0 = Release|Any CPU
		{25D20997-9C14-4AAB-80AC-2E91A5787647}.Release|x64.ActiveCfg = Release|x64
		{25D20997-9C14-4AAB-80AC-2E91A5787647}.Release|x64.Build.0 = Release|x64
		{25D20997-9C14-4AAB-80AC-2E91A5787647}.Release|x86.ActiveCfg = Release|x86
		{25D20997-9C14-4AAB-80AC-2E91A5787647}.Release|x86.Build.0 = Release|x86
		{FC62E0D5-F79C-4C2F-9E50-0639971B3E7C}.Debug|Any CPU.ActiveCfg = Debug|Any CPU
		{FC62E0D5-F79C-4C2F-9E50-0639971B3E7C}.Debug|Any CPU.Build.0 = Debug|Any CPU
		{FC62E0D5-F79C-4C2F-9E50-0639971B3E7C}.Debug|x64.ActiveCfg = Debug|x64
		{FC62E0D5-F79C-4C2F-9E50-0639971B3E7C}.Debug|x64.Build.0 = Debug|x64
		{FC62E0D5-F79C-4C2F-9E50-0639971B3E7C}.Debug|x86.ActiveCfg = Debug|x86
		{FC62E0D5-F79C-4C2F-9E50-0639971B3E7C}.Debug|x86.Build.0 = Debug|x86
		{FC62E0D5-F79C-4C2F-9E50-0639971B3E7C}.Release|Any CPU.ActiveCfg = Release|Any CPU
		{FC62E0D5-F79C-4C2F-9E50-0639971B3E7C}.Release|Any CPU.Build.0 = Release|Any CPU
		{FC62E0D5-F79C-4C2F-9E50-0639971B3E7C}.Release|x64.ActiveCfg = Release|x64
		{FC62E0D5-F79C-4C2F-9E50-0639971B3E7C}.Release|x64.Build.0 = Release|x64
		{FC62E0D5-F79C-4C2F-9E50-0639971B3E7C}.Release|x86.ActiveCfg = Release|x86
		{FC62E0D5-F79C-4C2F-9E50-0639971B3E7C}.Release|x86.Build.0 = Release|x86
		{E5514698-1911-4BF9-A95E-6297E24E81E6}.Debug|Any CPU.ActiveCfg = Debug|Any CPU
		{E5514698-1911-4BF9-A95E-6297E24E81E6}.Debug|Any CPU.Build.0 = Debug|Any CPU
		{E5514698-1911-4BF9-A95E-6297E24E81E6}.Debug|x64.ActiveCfg = Debug|x64
		{E5514698-1911-4BF9-A95E-6297E24E81E6}.Debug|x64.Build.0 = Debug|x64
		{E5514698-1911-4BF9-A95E-6297E24E81E6}.Debug|x86.ActiveCfg = Debug|x86
		{E5514698-1911-4BF9-A95E-6297E24E81E6}.Debug|x86.Build.0 = Debug|x86
		{E5514698-1911-4BF9-A95E-6297E24E81E6}.Release|Any CPU.ActiveCfg = Release|Any CPU
		{E5514698-1911-4BF9-A95E-6297E24E81E6}.Release|Any CPU.Build.0 = Release|Any CPU
		{E5514698-1911-4BF9-A95E-6297E24E81E6}.Release|x64.ActiveCfg = Release|x64
		{E5514698-1911-4BF9-A95E-6297E24E81E6}.Release|x64.Build.0 = Release|x64
		{E5514698-1911-4BF9-A95E-6297E24E81E6}.Release|x86.ActiveCfg = Release|x86
		{E5514698-1911-4BF9-A95E-6297E24E81E6}.Release|x86.Build.0 = Release|x86
		{01210923-D40B-45BB-9A30-87D93EF57163}.Debug|Any CPU.ActiveCfg = Debug|Any CPU
		{01210923-D40B-45BB-9A30-87D93EF57163}.Debug|Any CPU.Build.0 = Debug|Any CPU
		{01210923-D40B-45BB-9A30-87D93EF57163}.Debug|x64.ActiveCfg = Debug|x64
		{01210923-D40B-45BB-9A30-87D93EF57163}.Debug|x64.Build.0 = Debug|x64
		{01210923-D40B-45BB-9A30-87D93EF57163}.Debug|x86.ActiveCfg = Debug|x86
		{01210923-D40B-45BB-9A30-87D93EF57163}.Debug|x86.Build.0 = Debug|x86
		{01210923-D40B-45BB-9A30-87D93EF57163}.Release|Any CPU.ActiveCfg = Release|Any CPU
		{01210923-D40B-45BB-9A30-87D93EF57163}.Release|Any CPU.Build.0 = Release|Any CPU
		{01210923-D40B-45BB-9A30-87D93EF57163}.Release|x64.ActiveCfg = Release|x64
		{01210923-D40B-45BB-9A30-87D93EF57163}.Release|x64.Build.0 = Release|x64
		{01210923-D40B-45BB-9A30-87D93EF57163}.Release|x86.ActiveCfg = Release|x86
		{01210923-D40B-45BB-9A30-87D93EF57163}.Release|x86.Build.0 = Release|x86
	EndGlobalSection
	GlobalSection(SolutionProperties) = preSolution
		HideSolutionNode = FALSE
	EndGlobalSection
EndGlobal
